
Microsoft Visual Studio Solution File, Format Version 12.00
# Visual Studio Version 16
VisualStudioVersion = 16.0.29209.62
MinimumVisualStudioVersion = 10.0.40219.1
Project("{FAE04EC0-301F-11D3-BF4B-00C04F79EFBC}") = "EnigmaMachine", "EnigmaMachine\EnigmaMachine.csproj", "{980277B7-972E-4751-9B53-762239928169}"
EndProject
Global
	GlobalSection(SolutionConfigurationPlatforms) = preSolution
		Debug|Any CPU = Debug|Any CPU
		Release|Any CPU = Release|Any CPU
	EndGlobalSection
	GlobalSection(ProjectConfigurationPlatforms) = postSolution
		{980277B7-972E-4751-9B53-762239928169}.Debug|Any CPU.ActiveCfg = Debug|Any CPU
		{980277B7-972E-4751-9B53-762239928169}.Debug|Any CPU.Build.0 = Debug|Any CPU
		{980277B7-972E-4751-9B53-762239928169}.Release|Any CPU.ActiveCfg = Release|Any CPU
		{980277B7-972E-4751-9B53-762239928169}.Release|Any CPU.Build.0 = Release|Any CPU
	EndGlobalSection
	GlobalSection(SolutionProperties) = preSolution
		HideSolutionNode = FALSE
	EndGlobalSection
	GlobalSection(ExtensibilityGlobals) = postSolution
		SolutionGuid = {4CBC80A2-835F-4ECE-BABB-A2B1C2CDE927}
	EndGlobalSection
EndGlobal
